
Microsoft Visual Studio Solution File, Format Version 12.00
# Visual Studio Version 17
VisualStudioVersion = 17.0.32112.339
MinimumVisualStudioVersion = 10.0.40219.1
Project("{FAE04EC0-301F-11D3-BF4B-00C04F79EFBC}") = "SchoolLayeredDemo.Business", "SchoolLayeredDemo.Business\SchoolLayeredDemo.Business.csproj", "{575745DC-541B-4B55-A659-7655D77ADE2D}"
EndProject
Project("{FAE04EC0-301F-11D3-BF4B-00C04F79EFBC}") = "SchoolLayeredDemo.Entities", "SchoolLayeredDemo.Entities\SchoolLayeredDemo.Entities.csproj", "{805DCA49-47CF-4775-9069-64975DBDA6C2}"
EndProject
Project("{FAE04EC0-301F-11D3-BF4B-00C04F79EFBC}") = "SchoolLayeredDemo.DataAccess", "SchoolLayeredDemo.DataAccess\SchoolLayeredDemo.DataAccess.csproj", "{E3C8E805-4547-4A6A-A10B-E83B49B072D5}"
EndProject
Project("{FAE04EC0-301F-11D3-BF4B-00C04F79EFBC}") = "SchoolLayeredDemo.WEBUI", "SchoolLayeredDemo.WEBUI\SchoolLayeredDemo.WEBUI.csproj", "{1664D28E-7B56-460B-884D-0592064E7894}"
EndProject
Project("{FAE04EC0-301F-11D3-BF4B-00C04F79EFBC}") = "Core", "Core\Core.csproj", "{45FB3035-E403-4ADC-85BD-83C564D444FF}"
EndProject
Global
	GlobalSection(SolutionConfigurationPlatforms) = preSolution
		Debug|Any CPU = Debug|Any CPU
		Release|Any CPU = Release|Any CPU
	EndGlobalSection
	GlobalSection(ProjectConfigurationPlatforms) = postSolution
		{575745DC-541B-4B55-A659-7655D77ADE2D}.Debug|Any CPU.ActiveCfg = Debug|Any CPU
		{575745DC-541B-4B55-A659-7655D77ADE2D}.Debug|Any CPU.Build.0 = Debug|Any CPU
		{575745DC-541B-4B55-A659-7655D77ADE2D}.Release|Any CPU.ActiveCfg = Release|Any CPU
		{575745DC-541B-4B55-A659-7655D77ADE2D}.Release|Any CPU.Build.0 = Release|Any CPU
		{805DCA49-47CF-4775-9069-64975DBDA6C2}.Debug|Any CPU.ActiveCfg = Debug|Any CPU
		{805DCA49-47CF-4775-9069-64975DBDA6C2}.Debug|Any CPU.Build.0 = Debug|Any CPU
		{805DCA49-47CF-4775-9069-64975DBDA6C2}.Release|Any CPU.ActiveCfg = Release|Any CPU
		{805DCA49-47CF-4775-9069-64975DBDA6C2}.Release|Any CPU.Build.0 = Release|Any CPU
		{E3C8E805-4547-4A6A-A10B-E83B49B072D5}.Debug|Any CPU.ActiveCfg = Debug|Any CPU
		{E3C8E805-4547-4A6A-A10B-E83B49B072D5}.Debug|Any CPU.Build.0 = Debug|Any CPU
		{E3C8E805-4547-4A6A-A10B-E83B49B072D5}.Release|Any CPU.ActiveCfg = Release|Any CPU
		{E3C8E805-4547-4A6A-A10B-E83B49B072D5}.Release|Any CPU.Build.0 = Release|Any CPU
		{1664D28E-7B56-460B-884D-0592064E7894}.Debug|Any CPU.ActiveCfg = Debug|Any CPU
		{1664D28E-7B56-460B-884D-0592064E7894}.Debug|Any CPU.Build.0 = Debug|Any CPU
		{1664D28E-7B56-460B-884D-0592064E7894}.Release|Any CPU.ActiveCfg = Release|Any CPU
		{1664D28E-7B56-460B-884D-0592064E7894}.Release|Any CPU.Build.0 = Release|Any CPU
		{45FB3035-E403-4ADC-85BD-83C564D444FF}.Debug|Any CPU.ActiveCfg = Debug|Any CPU
		{45FB3035-E403-4ADC-85BD-83C564D444FF}.Debug|Any CPU.Build.0 = Debug|Any CPU
		{45FB3035-E403-4ADC-85BD-83C564D444FF}.Release|Any CPU.ActiveCfg = Release|Any CPU
		{45FB3035-E403-4ADC-85BD-83C564D444FF}.Release|Any CPU.Build.0 = Release|Any CPU
	EndGlobalSection
	GlobalSection(SolutionProperties) = preSolution
		HideSolutionNode = FALSE
	EndGlobalSection
	GlobalSection(ExtensibilityGlobals) = postSolution
		SolutionGuid = {B6AA9FE3-FEF5-4AFD-95DC-11B9834CB3B6}
	EndGlobalSection
EndGlobal
